
Microsoft Visual Studio Solution File, Format Version 12.00
# Visual Studio Version 16
VisualStudioVersion = 16.0.30225.117
MinimumVisualStudioVersion = 10.0.40219.1
Project("{FAE04EC0-301F-11D3-BF4B-00C04F79EFBC}") = "STATIONERY-MANAGE", "STATIONERY-MANAGE\STATIONERY-MANAGE.csproj", "{77CB92C4-EA30-443A-866B-6A9C82DA3CDC}"
EndProject
Global
	GlobalSection(SolutionConfigurationPlatforms) = preSolution
		Debug|Any CPU = Debug|Any CPU
		Release|Any CPU = Release|Any CPU
	EndGlobalSection
	GlobalSection(ProjectConfigurationPlatforms) = postSolution
		{77CB92C4-EA30-443A-866B-6A9C82DA3CDC}.Debug|Any CPU.ActiveCfg = Debug|Any CPU
		{77CB92C4-EA30-443A-866B-6A9C82DA3CDC}.Debug|Any CPU.Build.0 = Debug|Any CPU
		{77CB92C4-EA30-443A-866B-6A9C82DA3CDC}.Release|Any CPU.ActiveCfg = Release|Any CPU
		{77CB92C4-EA30-443A-866B-6A9C82DA3CDC}.Release|Any CPU.Build.0 = Release|Any CPU
	EndGlobalSection
	GlobalSection(SolutionProperties) = preSolution
		HideSolutionNode = FALSE
	EndGlobalSection
	GlobalSection(ExtensibilityGlobals) = postSolution
		SolutionGuid = {E019729A-62A4-49B5-AA6E-5A4466627159}
	EndGlobalSection
EndGlobal
